# THIS IS AN AUTOGENERATED FILE. DO NOT EDIT THIS FILE DIRECTLY.
# yarn lockfile v1


"@types/doctrine@0.0.3":
  version "0.0.3"
  resolved "https://registry.yarnpkg.com/@types/doctrine/-/doctrine-0.0.3.tgz#e892d293c92c9c1d3f9af72c15a554fbc7e0895a"

"@types/node@^7.0.12":
  version "7.0.12"
  resolved "https://registry.yarnpkg.com/@types/node/-/node-7.0.12.tgz#ae5f67a19c15f752148004db07cbbb372e69efc9"

ast-types@0.10.1:
  version "0.10.1"
  resolved "https://registry.yarnpkg.com/ast-types/-/ast-types-0.10.1.tgz#f52fca9715579a14f841d67d7f8d25432ab6a3dd"

async@^2.1.4:
  version "2.6.0"
  resolved "https://registry.yarnpkg.com/async/-/async-2.6.0.tgz#61a29abb6fcc026fea77e56d1c6ec53a795951f4"
  dependencies:
    lodash "^4.14.0"

babel-runtime@^6.9.2:
  version "6.23.0"
  resolved "http://localhost:4873/babel-runtime/-/babel-runtime-6.23.0.tgz#0a9489f144de70efb3ce4300accdb329e2fc543b"
  dependencies:
    core-js "^2.4.0"
    regenerator-runtime "^0.10.0"

babylon@~5.8.3:
  version "5.8.38"
  resolved "http://localhost:4873/babylon/-/babylon-5.8.38.tgz#ec9b120b11bf6ccd4173a18bf217e60b79859ffd"

balanced-match@^0.4.1:
  version "0.4.2"
  resolved "http://localhost:4873/balanced-match/-/balanced-match-0.4.2.tgz#cb3f3e3c732dc0f01ee70b403f302e61d7709838"

brace-expansion@^1.0.0:
  version "1.1.6"
  resolved "http://localhost:4873/brace-expansion/-/brace-expansion-1.1.6.tgz#7197d7eaa9b87e648390ea61fc66c84427420df9"
  dependencies:
    balanced-match "^0.4.1"
    concat-map "0.0.1"

camelcase@^1.2.1:
  version "1.2.1"
  resolved "http://localhost:4873/camelcase/-/camelcase-1.2.1.tgz#9bb5304d2e0b56698b2c758b08a3eaa9daa58a39"

commander@^2.9.0:
  version "2.9.0"
  resolved "http://localhost:4873/commander/-/commander-2.9.0.tgz#9c99094176e12240cb22d6c5146098400fe0f7d4"
  dependencies:
    graceful-readlink ">= 1.0.0"

concat-map@0.0.1:
  version "0.0.1"
  resolved "http://localhost:4873/concat-map/-/concat-map-0.0.1.tgz#d8a96bd77fd68df7793a73036a3ba0d5405d477b"

core-js@^2.4.0:
  version "2.4.1"
  resolved "http://localhost:4873/core-js/-/core-js-2.4.1.tgz#4de911e667b0eae9124e34254b53aea6fc618d3e"

core-js@^2.4.1:
  version "2.5.3"
  resolved "https://registry.yarnpkg.com/core-js/-/core-js-2.5.3.tgz#8acc38345824f16d8365b7c9b4259168e8ed603e"

decamelize@^1.2.0:
  version "1.2.0"
  resolved "http://localhost:4873/decamelize/-/decamelize-1.2.0.tgz#f6534d15148269b20352e7bee26f501f9a191290"

doctrine@^2.0.0:
  version "2.0.0"
  resolved "http://localhost:4873/doctrine/-/doctrine-2.0.0.tgz#c73d8d2909d22291e1a007a395804da8b665fe63"
  dependencies:
    esutils "^2.0.2"
    isarray "^1.0.0"

esprima@~4.0.0:
  version "4.0.0"
  resolved "https://registry.yarnpkg.com/esprima/-/esprima-4.0.0.tgz#4499eddcd1110e0b218bacf2fa7f7f59f55ca804"

esutils@^2.0.2:
  version "2.0.2"
  resolved "http://localhost:4873/esutils/-/esutils-2.0.2.tgz#0abf4f1caa5bcb1f7a9d8acc6dea4faaa04bac9b"

"graceful-readlink@>= 1.0.0":
  version "1.0.1"
  resolved "http://localhost:4873/graceful-readlink/-/graceful-readlink-1.0.1.tgz#4cafad76bc62f02fa039b2f94e9a3dd3a391a725"

isarray@^1.0.0:
  version "1.0.0"
  resolved "http://localhost:4873/isarray/-/isarray-1.0.0.tgz#bb935d48582cba168c06834957a54a3e07124f11"

lodash@^4.14.0:
  version "4.17.4"
  resolved "https://registry.yarnpkg.com/lodash/-/lodash-4.17.4.tgz#78203a4d1c328ae1d86dca6460e369b57f4055ae"

minimatch@^3.0.2:
  version "3.0.3"
  resolved "http://localhost:4873/minimatch/-/minimatch-3.0.3.tgz#2a4e4090b96b2db06a9d7df01055a62a77c9b774"
  dependencies:
    brace-expansion "^1.0.0"

node-dir@^0.1.10:
  version "0.1.16"
  resolved "http://localhost:4873/node-dir/-/node-dir-0.1.16.tgz#d2ef583aa50b90d93db8cdd26fcea58353957fe4"
  dependencies:
    minimatch "^3.0.2"

private@~0.1.5:
  version "0.1.7"
  resolved "http://localhost:4873/private/-/private-0.1.7.tgz#68ce5e8a1ef0a23bb570cc28537b5332aba63ef1"

react-docgen@^2.15.0:
  version "2.20.0"
  resolved "https://registry.yarnpkg.com/react-docgen/-/react-docgen-2.20.0.tgz#41a6da483a34a4aaed041a9909f5e61864d681cb"
  dependencies:
    async "^2.1.4"
    babel-runtime "^6.9.2"
    babylon "~5.8.3"
    commander "^2.9.0"
    doctrine "^2.0.0"
    node-dir "^0.1.10"
    recast "^0.12.6"

recast@^0.12.6:
  version "0.12.9"
  resolved "https://registry.yarnpkg.com/recast/-/recast-0.12.9.tgz#e8e52bdb9691af462ccbd7c15d5a5113647a15f1"
  dependencies:
    ast-types "0.10.1"
    core-js "^2.4.1"
    esprima "~4.0.0"
    private "~0.1.5"
    source-map "~0.6.1"

regenerator-runtime@^0.10.0:
  version "0.10.3"
  resolved "http://localhost:4873/regenerator-runtime/-/regenerator-runtime-0.10.3.tgz#8c4367a904b51ea62a908ac310bf99ff90a82a3e"

source-map@~0.6.1:
  version "0.6.1"
  resolved "https://registry.yarnpkg.com/source-map/-/source-map-0.6.1.tgz#74722af32e9614e9c287a8d0bbde48b5e2f1a263"

typescript@^2.2.2:
  version "2.2.2"
  resolved "https://registry.yarnpkg.com/typescript/-/typescript-2.2.2.tgz#606022508479b55ffa368b58fee963a03dfd7b0c"

uppercamelcase@^1.1.0:
  version "1.1.0"
  resolved "http://localhost:4873/uppercamelcase/-/uppercamelcase-1.1.0.tgz#324d98a6b3afc7e8a8953e10641509b0e4e23f97"
  dependencies:
    camelcase "^1.2.1"
